lockfileVersion: '6.0'

settings:
  autoInstallPeers: true
  excludeLinksFromLockfile: false

dependencies:
  node-swift:
    specifier: ^1.4.0
    version: 1.4.0

packages:

  /import-cwd@3.0.0:
    resolution: {integrity: sha512-4pnzH16plW+hgvRECbDWpQl3cqtvSofHWh44met7ESfZ8UZOWWddm8hEyDTqREJ9RbYHY8gi8DqmaelApoOGMg==}
    engines: {node: '>=8'}
    dependencies:
      import-from: 3.0.0
    dev: false

  /import-from@3.0.0:
    resolution: {integrity: sha512-CiuXOFFSzkU5x/CR0+z7T91Iht4CXgfCxVOFRhh2Zyhg5wOpWvvDLQUsWl+gcN+QscYBjez8hDCt85O7RLDttQ==}
    engines: {node: '>=8'}
    dependencies:
      resolve-from: 5.0.0
    dev: false

  /node-swift@1.4.0:
    resolution: {integrity: sha512-9dt3vTTOzc+bPTc5YVipWxg5WvfOk/rq4uanSXQnjMvwOd4FVJ0cOlW7WBhNO7I86wU3rQaZLGHKhfMm4sYyaA==}
    hasBin: true
    dependencies:
      import-cwd: 3.0.0
    dev: false

  /resolve-from@5.0.0:
    resolution: {integrity: sha512-qYg9KP24dD5qka9J47d0aVky0N+b4fTU89LN9iDnjB5waksiC49rvMB0PrUJQGoTmH50XPiqOvAjDfaijGxYZw==}
    engines: {node: '>=8'}
    dev: false
